
Microsoft Visual Studio Solution File, Format Version 12.00
# Visual Studio Version 16
VisualStudioVersion = 16.0.30128.74
MinimumVisualStudioVersion = 10.0.40219.1
Project("{8BC9CEB8-8B4A-11D0-8D11-00A0C91BC942}") = "LocalGlobal", "LocalGlobal\LocalGlobal.vcxproj", "{E7E9B92E-992F-4BAA-B39B-5F5721ED8186}"
EndProject
Project("{8BC9CEB8-8B4A-11D0-8D11-00A0C91BC942}") = "Pointer", "Pointer\Pointer.vcxproj", "{6BCDB276-1FB0-4A00-ABFB-01928D8102C7}"
EndProject
Project("{9A19103F-16F7-4668-BE54-9A1E7A4F7556}") = "CSsample", "CSsample\CSsample.csproj", "{CB590A02-5D15-4781-9F9A-5D8051EC4D0A}"
EndProject
Project("{8BC9CEB8-8B4A-11D0-8D11-00A0C91BC942}") = "AverageSum", "AverageSum\AverageSum.vcxproj", "{1AC2390D-8E3D-4F08-AF91-0E45AB09116A}"
EndProject
Project("{8BC9CEB8-8B4A-11D0-8D11-00A0C91BC942}") = "Chapter4TextSample", "Chapter4TextSample\Chapter4TextSample.vcxproj", "{6A3FF22D-A775-4C63-B32D-4143B5278E19}"
EndProject
Project("{8BC9CEB8-8B4A-11D0-8D11-00A0C91BC942}") = "ObjectSize", "ObjectSize\ObjectSize.vcxproj", "{83715ADE-76F1-4B29-8992-3259D352D0FA}"
EndProject
Project("{8BC9CEB8-8B4A-11D0-8D11-00A0C91BC942}") = "Const", "Const\Const.vcxproj", "{79E901FB-D2C3-4B43-BCD0-D39D79FDA7B9}"
EndProject
Project("{8BC9CEB8-8B4A-11D0-8D11-00A0C91BC942}") = "Ref", "Ref\Ref.vcxproj", "{5672BF14-47EB-425A-B963-6C160E291E24}"
EndProject
Project("{8BC9CEB8-8B4A-11D0-8D11-00A0C91BC942}") = "BoolTest", "BoolTest\BoolTest.vcxproj", "{A4B064BD-34AC-4B4E-962C-F0DC0A1AD015}"
EndProject
Global
	GlobalSection(SolutionConfigurationPlatforms) = preSolution
		Debug|Any CPU = Debug|Any CPU
		Debug|x64 = Debug|x64
		Debug|x86 = Debug|x86
		Release|Any CPU = Release|Any CPU
		Release|x64 = Release|x64
		Release|x86 = Release|x86
	EndGlobalSection
	GlobalSection(ProjectConfigurationPlatforms) = postSolution
		{E7E9B92E-992F-4BAA-B39B-5F5721ED8186}.Debug|Any CPU.ActiveCfg = Debug|Win32
		{E7E9B92E-992F-4BAA-B39B-5F5721ED8186}.Debug|x64.ActiveCfg = Debug|x64
		{E7E9B92E-992F-4BAA-B39B-5F5721ED8186}.Debug|x64.Build.0 = Debug|x64
		{E7E9B92E-992F-4BAA-B39B-5F5721ED8186}.Debug|x86.ActiveCfg = Debug|Win32
		{E7E9B92E-992F-4BAA-B39B-5F5721ED8186}.Debug|x86.Build.0 = Debug|Win32
		{E7E9B92E-992F-4BAA-B39B-5F5721ED8186}.Release|Any CPU.ActiveCfg = Release|Win32
		{E7E9B92E-992F-4BAA-B39B-5F5721ED8186}.Release|x64.ActiveCfg = Release|x64
		{E7E9B92E-992F-4BAA-B39B-5F5721ED8186}.Release|x64.Build.0 = Release|x64
		{E7E9B92E-992F-4BAA-B39B-5F5721ED8186}.Release|x86.ActiveCfg = Release|Win32
		{E7E9B92E-992F-4BAA-B39B-5F5721ED8186}.Release|x86.Build.0 = Release|Win32
		{6BCDB276-1FB0-4A00-ABFB-01928D8102C7}.Debug|Any CPU.ActiveCfg = Debug|Win32
		{6BCDB276-1FB0-4A00-ABFB-01928D8102C7}.Debug|x64.ActiveCfg = Debug|x64
		{6BCDB276-1FB0-4A00-ABFB-01928D8102C7}.Debug|x64.Build.0 = Debug|x64
		{6BCDB276-1FB0-4A00-ABFB-01928D8102C7}.Debug|x86.ActiveCfg = Debug|Win32
		{6BCDB276-1FB0-4A00-ABFB-01928D8102C7}.Debug|x86.Build.0 = Debug|Win32
		{6BCDB276-1FB0-4A00-ABFB-01928D8102C7}.Release|Any CPU.ActiveCfg = Release|Win32
		{6BCDB276-1FB0-4A00-ABFB-01928D8102C7}.Release|x64.ActiveCfg = Release|x64
		{6BCDB276-1FB0-4A00-ABFB-01928D8102C7}.Release|x64.Build.0 = Release|x64
		{6BCDB276-1FB0-4A00-ABFB-01928D8102C7}.Release|x86.ActiveCfg = Release|Win32
		{6BCDB276-1FB0-4A00-ABFB-01928D8102C7}.Release|x86.Build.0 = Release|Win32
		{CB590A02-5D15-4781-9F9A-5D8051EC4D0A}.Debug|Any CPU.ActiveCfg = Debug|Any CPU
		{CB590A02-5D15-4781-9F9A-5D8051EC4D0A}.Debug|Any CPU.Build.0 = Debug|Any CPU
		{CB590A02-5D15-4781-9F9A-5D8051EC4D0A}.Debug|x64.ActiveCfg = Debug|Any CPU
		{CB590A02-5D15-4781-9F9A-5D8051EC4D0A}.Debug|x64.Build.0 = Debug|Any CPU
		{CB590A02-5D15-4781-9F9A-5D8051EC4D0A}.Debug|x86.ActiveCfg = Debug|Any CPU
		{CB590A02-5D15-4781-9F9A-5D8051EC4D0A}.Debug|x86.Build.0 = Debug|Any CPU
		{CB590A02-5D15-4781-9F9A-5D8051EC4D0A}.Release|Any CPU.ActiveCfg = Release|Any CPU
		{CB590A02-5D15-4781-9F9A-5D8051EC4D0A}.Release|Any CPU.Build.0 = Release|Any CPU
		{CB590A02-5D15-4781-9F9A-5D8051EC4D0A}.Release|x64.ActiveCfg = Release|Any CPU
		{CB590A02-5D15-4781-9F9A-5D8051EC4D0A}.Release|x64.Build.0 = Release|Any CPU
		{CB590A02-5D15-4781-9F9A-5D8051EC4D0A}.Release|x86.ActiveCfg = Release|Any CPU
		{CB590A02-5D15-4781-9F9A-5D8051EC4D0A}.Release|x86.Build.0 = Release|Any CPU
		{1AC2390D-8E3D-4F08-AF91-0E45AB09116A}.Debug|Any CPU.ActiveCfg = Debug|Win32
		{1AC2390D-8E3D-4F08-AF91-0E45AB09116A}.Debug|x64.ActiveCfg = Debug|x64
		{1AC2390D-8E3D-4F08-AF91-0E45AB09116A}.Debug|x64.Build.0 = Debug|x64
		{1AC2390D-8E3D-4F08-AF91-0E45AB09116A}.Debug|x86.ActiveCfg = Debug|Win32
		{1AC2390D-8E3D-4F08-AF91-0E45AB09116A}.Debug|x86.Build.0 = Debug|Win32
		{1AC2390D-8E3D-4F08-AF91-0E45AB09116A}.Release|Any CPU.ActiveCfg = Release|Win32
		{1AC2390D-8E3D-4F08-AF91-0E45AB09116A}.Release|x64.ActiveCfg = Release|x64
		{1AC2390D-8E3D-4F08-AF91-0E45AB09116A}.Release|x64.Build.0 = Release|x64
		{1AC2390D-8E3D-4F08-AF91-0E45AB09116A}.Release|x86.ActiveCfg = Release|Win32
		{1AC2390D-8E3D-4F08-AF91-0E45AB09116A}.Release|x86.Build.0 = Release|Win32
		{6A3FF22D-A775-4C63-B32D-4143B5278E19}.Debug|Any CPU.ActiveCfg = Debug|Win32
		{6A3FF22D-A775-4C63-B32D-4143B5278E19}.Debug|x64.ActiveCfg = Debug|x64
		{6A3FF22D-A775-4C63-B32D-4143B5278E19}.Debug|x64.Build.0 = Debug|x64
		{6A3FF22D-A775-4C63-B32D-4143B5278E19}.Debug|x86.ActiveCfg = Debug|Win32
		{6A3FF22D-A775-4C63-B32D-4143B5278E19}.Debug|x86.Build.0 = Debug|Win32
		{6A3FF22D-A775-4C63-B32D-4143B5278E19}.Release|Any CPU.ActiveCfg = Release|Win32
		{6A3FF22D-A775-4C63-B32D-4143B5278E19}.Release|x64.ActiveCfg = Release|x64
		{6A3FF22D-A775-4C63-B32D-4143B5278E19}.Release|x64.Build.0 = Release|x64
		{6A3FF22D-A775-4C63-B32D-4143B5278E19}.Release|x86.ActiveCfg = Release|Win32
		{6A3FF22D-A775-4C63-B32D-4143B5278E19}.Release|x86.Build.0 = Release|Win32
		{83715ADE-76F1-4B29-8992-3259D352D0FA}.Debug|Any CPU.ActiveCfg = Debug|Win32
		{83715ADE-76F1-4B29-8992-3259D352D0FA}.Debug|x64.ActiveCfg = Debug|x64
		{83715ADE-76F1-4B29-8992-3259D352D0FA}.Debug|x64.Build.0 = Debug|x64
		{83715ADE-76F1-4B29-8992-3259D352D0FA}.Debug|x86.ActiveCfg = Debug|Win32
		{83715ADE-76F1-4B29-8992-3259D352D0FA}.Debug|x86.Build.0 = Debug|Win32
		{83715ADE-76F1-4B29-8992-3259D352D0FA}.Release|Any CPU.ActiveCfg = Release|Win32
		{83715ADE-76F1-4B29-8992-3259D352D0FA}.Release|x64.ActiveCfg = Release|x64
		{83715ADE-76F1-4B29-8992-3259D352D0FA}.Release|x64.Build.0 = Release|x64
		{83715ADE-76F1-4B29-8992-3259D352D0FA}.Release|x86.ActiveCfg = Release|Win32
		{83715ADE-76F1-4B29-8992-3259D352D0FA}.Release|x86.Build.0 = Release|Win32
		{79E901FB-D2C3-4B43-BCD0-D39D79FDA7B9}.Debug|Any CPU.ActiveCfg = Debug|Win32
		{79E901FB-D2C3-4B43-BCD0-D39D79FDA7B9}.Debug|x64.ActiveCfg = Debug|x64
		{79E901FB-D2C3-4B43-BCD0-D39D79FDA7B9}.Debug|x64.Build.0 = Debug|x64
		{79E901FB-D2C3-4B43-BCD0-D39D79FDA7B9}.Debug|x86.ActiveCfg = Debug|Win32
		{79E901FB-D2C3-4B43-BCD0-D39D79FDA7B9}.Debug|x86.Build.0 = Debug|Win32
		{79E901FB-D2C3-4B43-BCD0-D39D79FDA7B9}.Release|Any CPU.ActiveCfg = Release|Win32
		{79E901FB-D2C3-4B43-BCD0-D39D79FDA7B9}.Release|x64.ActiveCfg = Release|x64
		{79E901FB-D2C3-4B43-BCD0-D39D79FDA7B9}.Release|x64.Build.0 = Release|x64
		{79E901FB-D2C3-4B43-BCD0-D39D79FDA7B9}.Release|x86.ActiveCfg = Release|Win32
		{79E901FB-D2C3-4B43-BCD0-D39D79FDA7B9}.Release|x86.Build.0 = Release|Win32
		{5672BF14-47EB-425A-B963-6C160E291E24}.Debug|Any CPU.ActiveCfg = Debug|Win32
		{5672BF14-47EB-425A-B963-6C160E291E24}.Debug|x64.ActiveCfg = Debug|x64
		{5672BF14-47EB-425A-B963-6C160E291E24}.Debug|x64.Build.0 = Debug|x64
		{5672BF14-47EB-425A-B963-6C160E291E24}.Debug|x86.ActiveCfg = Debug|Win32
		{5672BF14-47EB-425A-B963-6C160E291E24}.Debug|x86.Build.0 = Debug|Win32
		{5672BF14-47EB-425A-B963-6C160E291E24}.Release|Any CPU.ActiveCfg = Release|Win32
		{5672BF14-47EB-425A-B963-6C160E291E24}.Release|x64.ActiveCfg = Release|x64
		{5672BF14-47EB-425A-B963-6C160E291E24}.Release|x64.Build.0 = Release|x64
		{5672BF14-47EB-425A-B963-6C160E291E24}.Release|x86.ActiveCfg = Release|Win32
		{5672BF14-47EB-425A-B963-6C160E291E24}.Release|x86.Build.0 = Release|Win32
		{A4B064BD-34AC-4B4E-962C-F0DC0A1AD015}.Debug|Any CPU.ActiveCfg = Debug|Win32
		{A4B064BD-34AC-4B4E-962C-F0DC0A1AD015}.Debug|x64.ActiveCfg = Debug|x64
		{A4B064BD-34AC-4B4E-962C-F0DC0A1AD015}.Debug|x64.Build.0 = Debug|x64
		{A4B064BD-34AC-4B4E-962C-F0DC0A1AD015}.Debug|x86.ActiveCfg = Debug|Win32
		{A4B064BD-34AC-4B4E-962C-F0DC0A1AD015}.Debug|x86.Build.0 = Debug|Win32
		{A4B064BD-34AC-4B4E-962C-F0DC0A1AD015}.Release|Any CPU.ActiveCfg = Release|Win32
		{A4B064BD-34AC-4B4E-962C-F0DC0A1AD015}.Release|x64.ActiveCfg = Release|x64
		{A4B064BD-34AC-4B4E-962C-F0DC0A1AD015}.Release|x64.Build.0 = Release|x64
		{A4B064BD-34AC-4B4E-962C-F0DC0A1AD015}.Release|x86.ActiveCfg = Release|Win32
		{A4B064BD-34AC-4B4E-962C-F0DC0A1AD015}.Release|x86.Build.0 = Release|Win32
	EndGlobalSection
	GlobalSection(SolutionProperties) = preSolution
		HideSolutionNode = FALSE
	EndGlobalSection
	GlobalSection(ExtensibilityGlobals) = postSolution
		SolutionGuid = {599C3443-71DA-43B0-A5C1-544607FB8323}
	EndGlobalSection
EndGlobal
